
Microsoft Visual Studio Solution File, Format Version 12.00
# Visual Studio Version 16
VisualStudioVersion = 16.0.30104.148
MinimumVisualStudioVersion = 10.0.40219.1
Project("{FAE04EC0-301F-11D3-BF4B-00C04F79EFBC}") = "0_EntityProjeUygulama", "0_EntityProjeUygulama\0_EntityProjeUygulama.csproj", "{927DFFE2-E2C7-4676-B150-2E27E94F3F97}"
EndProject
Global
	GlobalSection(SolutionConfigurationPlatforms) = preSolution
		Debug|Any CPU = Debug|Any CPU
		Release|Any CPU = Release|Any CPU
	EndGlobalSection
	GlobalSection(ProjectConfigurationPlatforms) = postSolution
		{927DFFE2-E2C7-4676-B150-2E27E94F3F97}.Debug|Any CPU.ActiveCfg = Debug|Any CPU
		{927DFFE2-E2C7-4676-B150-2E27E94F3F97}.Debug|Any CPU.Build.0 = Debug|Any CPU
		{927DFFE2-E2C7-4676-B150-2E27E94F3F97}.Release|Any CPU.ActiveCfg = Release|Any CPU
		{927DFFE2-E2C7-4676-B150-2E27E94F3F97}.Release|Any CPU.Build.0 = Release|Any CPU
	EndGlobalSection
	GlobalSection(SolutionProperties) = preSolution
		HideSolutionNode = FALSE
	EndGlobalSection
	GlobalSection(ExtensibilityGlobals) = postSolution
		SolutionGuid = {42990E0C-5330-404D-A5AD-DB8893E6C57C}
	EndGlobalSection
EndGlobal
